
Microsoft Visual Studio Solution File, Format Version 11.00
# Visual C# Express 2010
Project("{FAE04EC0-301F-11D3-BF4B-00C04F79EFBC}") = "WindowsFormsApplication32", "WindowsFormsApplication32\WindowsFormsApplication32.csproj", "{B4E3A890-A7DB-4DD6-8241-1504B56F2667}"
EndProject
Global
	GlobalSection(SolutionConfigurationPlatforms) = preSolution
		Debug|x86 = Debug|x86
		Release|x86 = Release|x86
	EndGlobalSection
	GlobalSection(ProjectConfigurationPlatforms) = postSolution
		{B4E3A890-A7DB-4DD6-8241-1504B56F2667}.Debug|x86.ActiveCfg = Debug|x86
		{B4E3A890-A7DB-4DD6-8241-1504B56F2667}.Debug|x86.Build.0 = Debug|x86
		{B4E3A890-A7DB-4DD6-8241-1504B56F2667}.Release|x86.ActiveCfg = Release|x86
		{B4E3A890-A7DB-4DD6-8241-1504B56F2667}.Release|x86.Build.0 = Release|x86
	EndGlobalSection
	GlobalSection(SolutionProperties) = preSolution
		HideSolutionNode = FALSE
	EndGlobalSection
EndGlobal
